
Microsoft Visual Studio Solution File, Format Version 12.00
# Visual Studio 14
VisualStudioVersion = 14.0.25420.1
MinimumVisualStudioVersion = 10.0.40219.1
Project("{FAE04EC0-301F-11D3-BF4B-00C04F79EFBC}") = "2014102360 - CON", "2014102360 - SLN\2014102360 - CON.csproj", "{59EE5C74-1CAA-4180-9F8F-AB22C609F665}"
EndProject
Project("{FAE04EC0-301F-11D3-BF4B-00C04F79EFBC}") = "2014102360-ENT", "2014102360-ENT\2014102360-ENT.csproj", "{BE87419D-B68C-410B-8123-057A051B5C6F}"
EndProject
Project("{FAE04EC0-301F-11D3-BF4B-00C04F79EFBC}") = "2014102360-PER", "2014102360-PER\2014102360-PER.csproj", "{FD5E9C04-3016-4F1B-8B1C-D55E5CB1222E}"
EndProject
Global
	GlobalSection(SolutionConfigurationPlatforms) = preSolution
		Debug|Any CPU = Debug|Any CPU
		Release|Any CPU = Release|Any CPU
	EndGlobalSection
	GlobalSection(ProjectConfigurationPlatforms) = postSolution
		{59EE5C74-1CAA-4180-9F8F-AB22C609F665}.Debug|Any CPU.ActiveCfg = Debug|Any CPU
		{59EE5C74-1CAA-4180-9F8F-AB22C609F665}.Debug|Any CPU.Build.0 = Debug|Any CPU
		{59EE5C74-1CAA-4180-9F8F-AB22C609F665}.Release|Any CPU.ActiveCfg = Release|Any CPU
		{59EE5C74-1CAA-4180-9F8F-AB22C609F665}.Release|Any CPU.Build.0 = Release|Any CPU
		{BE87419D-B68C-410B-8123-057A051B5C6F}.Debug|Any CPU.ActiveCfg = Debug|Any CPU
		{BE87419D-B68C-410B-8123-057A051B5C6F}.Debug|Any CPU.Build.0 = Debug|Any CPU
		{BE87419D-B68C-410B-8123-057A051B5C6F}.Release|Any CPU.ActiveCfg = Release|Any CPU
		{BE87419D-B68C-410B-8123-057A051B5C6F}.Release|Any CPU.Build.0 = Release|Any CPU
		{FD5E9C04-3016-4F1B-8B1C-D55E5CB1222E}.Debug|Any CPU.ActiveCfg = Debug|Any CPU
		{FD5E9C04-3016-4F1B-8B1C-D55E5CB1222E}.Debug|Any CPU.Build.0 = Debug|Any CPU
		{FD5E9C04-3016-4F1B-8B1C-D55E5CB1222E}.Release|Any CPU.ActiveCfg = Release|Any CPU
		{FD5E9C04-3016-4F1B-8B1C-D55E5CB1222E}.Release|Any CPU.Build.0 = Release|Any CPU
	EndGlobalSection
	GlobalSection(SolutionProperties) = preSolution
		HideSolutionNode = FALSE
	EndGlobalSection
EndGlobal
